
Microsoft Visual Studio Solution File, Format Version 12.00
# Visual Studio Version 16
VisualStudioVersion = 16.0.31424.327
MinimumVisualStudioVersion = 10.0.40219.1
Project("{FAE04EC0-301F-11D3-BF4B-00C04F79EFBC}") = "HyenaFTP", "HyenaFTP.csproj", "{3E8A7C82-12F0-4D49-86BD-F1FACA9A5895}"
EndProject
Project("{54435603-DBB4-11D2-8724-00A0C9A8B90C}") = "HyenaFTPInstaller", "..\HyenaFTPInstaller\HyenaFTPInstaller.vdproj", "{434CB14C-E523-4803-B174-710FD77E0AE1}"
EndProject
Global
	GlobalSection(SolutionConfigurationPlatforms) = preSolution
		Debug|Any CPU = Debug|Any CPU
		Release|Any CPU = Release|Any CPU
	EndGlobalSection
	GlobalSection(ProjectConfigurationPlatforms) = postSolution
		{3E8A7C82-12F0-4D49-86BD-F1FACA9A5895}.Debug|Any CPU.ActiveCfg = Debug|Any CPU
		{3E8A7C82-12F0-4D49-86BD-F1FACA9A5895}.Debug|Any CPU.Build.0 = Debug|Any CPU
		{3E8A7C82-12F0-4D49-86BD-F1FACA9A5895}.Release|Any CPU.ActiveCfg = Release|Any CPU
		{3E8A7C82-12F0-4D49-86BD-F1FACA9A5895}.Release|Any CPU.Build.0 = Release|Any CPU
		{434CB14C-E523-4803-B174-710FD77E0AE1}.Debug|Any CPU.ActiveCfg = Debug
		{434CB14C-E523-4803-B174-710FD77E0AE1}.Release|Any CPU.ActiveCfg = Release
	EndGlobalSection
	GlobalSection(SolutionProperties) = preSolution
		HideSolutionNode = FALSE
	EndGlobalSection
	GlobalSection(ExtensibilityGlobals) = postSolution
		SolutionGuid = {0974439F-E724-4CB9-8450-720F3662D57A}
	EndGlobalSection
EndGlobal
